
Microsoft Visual Studio Solution File, Format Version 12.00
# Visual Studio 15
VisualStudioVersion = 15.0.28010.2048
MinimumVisualStudioVersion = 10.0.40219.1
Project("{FAE04EC0-301F-11D3-BF4B-00C04F79EFBC}") = "EveWata", "EveWata.csproj", "{9B46BAC6-5583-450D-AF86-AC96C246BDC4}"
EndProject
Global
	GlobalSection(SolutionConfigurationPlatforms) = preSolution
		Debug|Any CPU = Debug|Any CPU
		Release|Any CPU = Release|Any CPU
	EndGlobalSection
	GlobalSection(ProjectConfigurationPlatforms) = postSolution
		{9B46BAC6-5583-450D-AF86-AC96C246BDC4}.Debug|Any CPU.ActiveCfg = Debug|Any CPU
		{9B46BAC6-5583-450D-AF86-AC96C246BDC4}.Debug|Any CPU.Build.0 = Debug|Any CPU
		{9B46BAC6-5583-450D-AF86-AC96C246BDC4}.Release|Any CPU.ActiveCfg = Release|Any CPU
		{9B46BAC6-5583-450D-AF86-AC96C246BDC4}.Release|Any CPU.Build.0 = Release|Any CPU
	EndGlobalSection
	GlobalSection(SolutionProperties) = preSolution
		HideSolutionNode = FALSE
	EndGlobalSection
	GlobalSection(ExtensibilityGlobals) = postSolution
		SolutionGuid = {12CBB991-7AF2-4C10-BB24-95333D5D8F6E}
	EndGlobalSection
EndGlobal
